PODS:
  - CoreBitcoin (1.0.3):
    - libscrypt
    - OpenSSL-Universal
  - libscrypt (1.0.0)
  - OpenSSL-Universal (1.0.1):
    - OpenSSL-Universal/Framework (= 1.0.1)
  - OpenSSL-Universal/Framework (1.0.1)

DEPENDENCIES:
  - CoreBitcoin (from `../`)

SPEC REPOS:
  https://github.com/matteozero/Specs.git:
    - libscrypt
    - OpenSSL-Universal

EXTERNAL SOURCES:
  CoreBitcoin:
    :path: "../"

SPEC CHECKSUMS:
  CoreBitcoin: d3804ddc016314b0207e3a46df5b3d1182b9336e
  libscrypt: 6eb2410d04af789a6d002d8c95e57777563af15d
  OpenSSL-Universal: c7d22ace9190117098651bd4478164c711bf17c1

PODFILE CHECKSUM: 1c75b161dd35587352d6609b7730f1bcc2ff387e

COCOAPODS: 1.9.3
